// !$*UTF8*$!
{
	archiveVersion = 1;
	classes = {
	};
	objectVersion = 46;
	objects = {

/* Begin PBXBuildFile section */
		4410A30038BE4D6282AAFEBB /* libPods.a in Frameworks */ = {isa = PBXBuildFile; fileRef = E1E220888AF5409D902176E2 /* libPods.a */; };
		CDE56D0EB54A49F3B06F8E78 /* libPods.a in Frameworks */ = {isa = PBXBuildFile; fileRef = E1E220888AF5409D902176E2 /* libPods.a */; };
		E51D00FA196A1A9C005FCF25 /* LBXIssue.m in Sources */ = {isa = PBXBuildFile; fileRef = E51D00F9196A1A9C005FCF25 /* LBXIssue.m */; };
		E51D00FD196A1FF2005FCF25 /* LBXPublisher.m in Sources */ = {isa = PBXBuildFile; fileRef = E51D00FC196A1FF2005FCF25 /* LBXPublisher.m */; };
		E51D0100196A2004005FCF25 /* LBXTitle.m in Sources */ = {isa = PBXBuildFile; fileRef = E51D00FF196A2004005FCF25 /* LBXTitle.m */; };
		E54A6AF0196B72D80094979A /* NSString+URLQuery.m in Sources */ = {isa = PBXBuildFile; fileRef = E54A6AEF196B72D80094979A /* NSString+URLQuery.m */; };
		E54A6AF3196B7ED30094979A /* LBXUser.m in Sources */ = {isa = PBXBuildFile; fileRef = E54A6AF2196B7ED30094979A /* LBXUser.m */; };
		E54A6AF9196B9E8B0094979A /* LBXBundle.m in Sources */ = {isa = PBXBuildFile; fileRef = E54A6AF8196B9E8B0094979A /* LBXBundle.m */; };
		E54A6AFC196BA45F0094979A /* LBXMap.m in Sources */ = {isa = PBXBuildFile; fileRef = E54A6AFB196BA45F0094979A /* LBXMap.m */; };
		E54A6AFF196BA5D70094979A /* LBXEndpoints.m in Sources */ = {isa = PBXBuildFile; fileRef = E54A6AFE196BA5D70094979A /* LBXEndpoints.m */; };
		E54A6B02196BA6930094979A /* LBXRouter.m in Sources */ = {isa = PBXBuildFile; fileRef = E54A6B01196BA6930094979A /* LBXRouter.m */; };
		E54A6B05196BA7CF0094979A /* LBXDescriptors.m in Sources */ = {isa = PBXBuildFile; fileRef = E54A6B04196BA7CF0094979A /* LBXDescriptors.m */; };
		E555D38A19624DEC003B97C0 /* LBXPullList.m in Sources */ = {isa = PBXBuildFile; fileRef = E555D38919624DEC003B97C0 /* LBXPullList.m */; };
		E555D38F196359D1003B97C0 /* LBXAPITests.m in Sources */ = {isa = PBXBuildFile; fileRef = E555D38E196359D1003B97C0 /* LBXAPITests.m */; };
		E57D48C7196068E10014A13F /* Foundation.framework in Frameworks */ = {isa = PBXBuildFile; fileRef = E57D48C6196068E10014A13F /* Foundation.framework */; };
		E57D48C9196068E10014A13F /* CoreGraphics.framework in Frameworks */ = {isa = PBXBuildFile; fileRef = E57D48C8196068E10014A13F /* CoreGraphics.framework */; };
		E57D48CB196068E10014A13F /* UIKit.framework in Frameworks */ = {isa = PBXBuildFile; fileRef = E57D48CA196068E10014A13F /* UIKit.framework */; };
		E57D48D1196068E10014A13F /* InfoPlist.strings in Resources */ = {isa = PBXBuildFile; fileRef = E57D48CF196068E10014A13F /* InfoPlist.strings */; };
		E57D48D3196068E10014A13F /* main.m in Sources */ = {isa = PBXBuildFile; fileRef = E57D48D2196068E10014A13F /* main.m */; };
		E57D48D9196068E10014A13F /* Images.xcassets in Resources */ = {isa = PBXBuildFile; fileRef = E57D48D8196068E10014A13F /* Images.xcassets */; };
		E57D48E0196068E10014A13F /* XCTest.framework in Frameworks */ = {isa = PBXBuildFile; fileRef = E57D48DF196068E10014A13F /* XCTest.framework */; };
		E57D48E1196068E10014A13F /* Foundation.framework in Frameworks */ = {isa = PBXBuildFile; fileRef = E57D48C6196068E10014A13F /* Foundation.framework */; };
		E57D48E2196068E10014A13F /* UIKit.framework in Frameworks */ = {isa = PBXBuildFile; fileRef = E57D48CA196068E10014A13F /* UIKit.framework */; };
		E57D48EA196068E10014A13F /* InfoPlist.strings in Resources */ = {isa = PBXBuildFile; fileRef = E57D48E8196068E10014A13F /* InfoPlist.strings */; };
		E57D49061960961E0014A13F /* ParallaxFlowLayout.m in Sources */ = {isa = PBXBuildFile; fileRef = E57D49011960961E0014A13F /* ParallaxFlowLayout.m */; };
		E57D49071960961E0014A13F /* ParallaxLayoutAttributes.m in Sources */ = {isa = PBXBuildFile; fileRef = E57D49031960961E0014A13F /* ParallaxLayoutAttributes.m */; };
		E57D49081960961E0014A13F /* ParallaxPhotoCell.m in Sources */ = {isa = PBXBuildFile; fileRef = E57D49051960961E0014A13F /* ParallaxPhotoCell.m */; };
		E57D490B196096260014A13F /* LBXThisWeekCollectionViewController.m in Sources */ = {isa = PBXBuildFile; fileRef = E57D490A196096260014A13F /* LBXThisWeekCollectionViewController.m */; };
		E57D49121960A2180014A13F /* LBXClient.m in Sources */ = {isa = PBXBuildFile; fileRef = E57D49111960A2180014A13F /* LBXClient.m */; };
		E57D49211960A6920014A13F /* LBXDataStore.m in Sources */ = {isa = PBXBuildFile; fileRef = E57D49201960A6920014A13F /* LBXDataStore.m */; };
		E57D49241960B8F40014A13F /* black.png in Resources */ = {isa = PBXBuildFile; fileRef = E57D49231960B8F40014A13F /* black.png */; };
		E57D49271960C8A70014A13F /* LBXThisWeeksComics.m in Sources */ = {isa = PBXBuildFile; fileRef = E57D49261960C8A70014A13F /* LBXThisWeeksComics.m */; };
		E57D494319610C970014A13F /* LBXAppDelegate.m in Sources */ = {isa = PBXBuildFile; fileRef = E57D494219610C970014A13F /* LBXAppDelegate.m */; };
		E57D4952196118950014A13F /* RECommonFunctions.m in Sources */ = {isa = PBXBuildFile; fileRef = E57D4949196118950014A13F /* RECommonFunctions.m */; };
		E57D4953196118950014A13F /* REMenu.m in Sources */ = {isa = PBXBuildFile; fileRef = E57D494B196118950014A13F /* REMenu.m */; };
		E57D4954196118950014A13F /* REMenuContainerView.m in Sources */ = {isa = PBXBuildFile; fileRef = E57D494D196118950014A13F /* REMenuContainerView.m */; };
		E57D4955196118950014A13F /* REMenuItem.m in Sources */ = {isa = PBXBuildFile; fileRef = E57D494F196118950014A13F /* REMenuItem.m */; };
		E57D4956196118950014A13F /* REMenuItemView.m in Sources */ = {isa = PBXBuildFile; fileRef = E57D4951196118950014A13F /* REMenuItemView.m */; };
		E57D496319611BB30014A13F /* SVModalWebViewController.m in Sources */ = {isa = PBXBuildFile; fileRef = E57D495A19611BB30014A13F /* SVModalWebViewController.m */; };
		E57D496419611BB30014A13F /* SVWebViewController.bundle in Resources */ = {isa = PBXBuildFile; fileRef = E57D495B19611BB30014A13F /* SVWebViewController.bundle */; };
		E57D496519611BB30014A13F /* SVWebViewController.m in Sources */ = {isa = PBXBuildFile; fileRef = E57D495D19611BB30014A13F /* SVWebViewController.m */; };
		E57D497119611C7C0014A13F /* SVWebViewControllerActivity.m in Sources */ = {isa = PBXBuildFile; fileRef = E57D497019611C7C0014A13F /* SVWebViewControllerActivity.m */; };
		E57D497719611C8E0014A13F /* SVWebViewControllerActivityChrome-iPad.png in Resources */ = {isa = PBXBuildFile; fileRef = E57D497219611C8E0014A13F /* SVWebViewControllerActivityChrome-iPad.png */; };
		E57D497819611C8E0014A13F /* SVWebViewControllerActivityChrome-iPad@2x.png in Resources */ = {isa = PBXBuildFile; fileRef = E57D497319611C8E0014A13F /* SVWebViewControllerActivityChrome-iPad@2x.png */; };
		E57D497919611C8E0014A13F /* SVWebViewControllerActivityChrome.m in Sources */ = {isa = PBXBuildFile; fileRef = E57D497519611C8E0014A13F /* SVWebViewControllerActivityChrome.m */; };
		E57D497A19611C8E0014A13F /* SVWebViewControllerActivityChrome@2x.png in Resources */ = {isa = PBXBuildFile; fileRef = E57D497619611C8E0014A13F /* SVWebViewControllerActivityChrome@2x.png */; };
		E57D498019611C950014A13F /* SVWebViewControllerActivitySafari-iPad.png in Resources */ = {isa = PBXBuildFile; fileRef = E57D497B19611C950014A13F /* SVWebViewControllerActivitySafari-iPad.png */; };
		E57D498119611C950014A13F /* SVWebViewControllerActivitySafari-iPad@2x.png in Resources */ = {isa = PBXBuildFile; fileRef = E57D497C19611C950014A13F /* SVWebViewControllerActivitySafari-iPad@2x.png */; };
		E57D498219611C950014A13F /* SVWebViewControllerActivitySafari.m in Sources */ = {isa = PBXBuildFile; fileRef = E57D497E19611C950014A13F /* SVWebViewControllerActivitySafari.m */; };
		E57D498319611C950014A13F /* SVWebViewControllerActivitySafari@2x.png in Resources */ = {isa = PBXBuildFile; fileRef = E57D497F19611C950014A13F /* SVWebViewControllerActivitySafari@2x.png */; };
		E57D498619611E380014A13F /* hamburger-button.png in Resources */ = {isa = PBXBuildFile; fileRef = E57D498419611E380014A13F /* hamburger-button.png */; };
		E57D498719611E380014A13F /* hamburger-button@2x.png in Resources */ = {isa = PBXBuildFile; fileRef = E57D498519611E380014A13F /* hamburger-button@2x.png */; };
		E587FB501964E2E5006A3DDB /* PaperButton.m in Sources */ = {isa = PBXBuildFile; fileRef = E587FB4F1964E2E5006A3DDB /* PaperButton.m */; };
		E5A773D219623E73002654E7 /* LBXNavigationViewController.m in Sources */ = {isa = PBXBuildFile; fileRef = E5A773D119623E73002654E7 /* LBXNavigationViewController.m */; };
		E5A773D919623F52002654E7 /* NSData+Base64.m in Sources */ = {isa = PBXBuildFile; fileRef = E5A773D819623F52002654E7 /* NSData+Base64.m */; };
		E5A773DD19624A52002654E7 /* LBXLoginViewController.m in Sources */ = {isa = PBXBuildFile; fileRef = E5A773DB19624A52002654E7 /* LBXLoginViewController.m */; };
		E5A773DE19624A52002654E7 /* LBXLoginViewController.xib in Resources */ = {isa = PBXBuildFile; fileRef = E5A773DC19624A52002654E7 /* LBXLoginViewController.xib */; };
		E5F18720196378E4006C4C26 /* LBXPullListCollectionViewController.m in Sources */ = {isa = PBXBuildFile; fileRef = E5F1871F196378E4006C4C26 /* LBXPullListCollectionViewController.m */; };
		E5F18724196382BA006C4C26 /* LBXHomeViewController.m in Sources */ = {isa = PBXBuildFile; fileRef = E5F18722196382BA006C4C26 /* LBXHomeViewController.m */; };
		E5F1873219638BBC006C4C26 /* EasyTableView.m in Sources */ = {isa = PBXBuildFile; fileRef = E5F1873119638BBC006C4C26 /* EasyTableView.m */; };
		E5F18735196391D2006C4C26 /* longboxed_full.png in Resources */ = {isa = PBXBuildFile; fileRef = E5F18733196391D2006C4C26 /* longboxed_full.png */; };
		E5F18736196391D2006C4C26 /* longboxed_full@2x.png in Resources */ = {isa = PBXBuildFile; fileRef = E5F18734196391D2006C4C26 /* longboxed_full@2x.png */; };
		E5F187381963A635006C4C26 /* LBXHomeViewController.xib in Resources */ = {isa = PBXBuildFile; fileRef = E5F187371963A635006C4C26 /* LBXHomeViewController.xib */; };
		E5F1873B1963A971006C4C26 /* LBXBundleOld.m in Sources */ = {isa = PBXBuildFile; fileRef = E5F1873A1963A971006C4C26 /* LBXBundleOld.m */; };
/* End PBXBuildFile section */

/* Begin PBXContainerItemProxy section */
		E57D48E3196068E10014A13F /* PBXContainerItemProxy */ = {
			isa = PBXContainerItemProxy;
			containerPortal = E57D48BB196068E10014A13F /* Project object */;
			proxyType = 1;
			remoteGlobalIDString = E57D48C2196068E10014A13F;
			remoteInfo = "Longboxed-iOS";
		};
/* End PBXContainerItemProxy section */

/* Begin PBXFileReference section */
		7AD8046282F84878BFC9B82F /* Pods.xcconfig */ = {isa = PBXFileReference; includeInIndex = 1; lastKnownFileType = text.xcconfig; name = Pods.xcconfig; path = Pods/Pods.xcconfig; sourceTree = "<group>"; };
		E1E220888AF5409D902176E2 /* libPods.a */ = {isa = PBXFileReference; explicitFileType = archive.ar; includeInIndex = 0; path = libPods.a; sourceTree = BUILT_PRODUCTS_DIR; };
		E51D00F8196A1A9C005FCF25 /* LBXIssue.h */ = {isa = PBXFileReference; fileEncoding = 4; lastKnownFileType = sourcecode.c.h; name = LBXIssue.h; path = Models/LBXIssue.h; sourceTree = "<group>"; };
		E51D00F9196A1A9C005FCF25 /* LBXIssue.m */ = {isa = PBXFileReference; fileEncoding = 4; lastKnownFileType = sourcecode.c.objc; name = LBXIssue.m; path = Models/LBXIssue.m; sourceTree = "<group>"; };
		E51D00FB196A1FF2005FCF25 /* LBXPublisher.h */ = {isa = PBXFileReference; fileEncoding = 4; lastKnownFileType = sourcecode.c.h; name = LBXPublisher.h; path = Models/LBXPublisher.h; sourceTree = "<group>"; };
		E51D00FC196A1FF2005FCF25 /* LBXPublisher.m */ = {isa = PBXFileReference; fileEncoding = 4; lastKnownFileType = sourcecode.c.objc; name = LBXPublisher.m; path = Models/LBXPublisher.m; sourceTree = "<group>"; };
		E51D00FE196A2004005FCF25 /* LBXTitle.h */ = {isa = PBXFileReference; fileEncoding = 4; lastKnownFileType = sourcecode.c.h; name = LBXTitle.h; path = Models/LBXTitle.h; sourceTree = "<group>"; };
		E51D00FF196A2004005FCF25 /* LBXTitle.m */ = {isa = PBXFileReference; fileEncoding = 4; lastKnownFileType = sourcecode.c.objc; name = LBXTitle.m; path = Models/LBXTitle.m; sourceTree = "<group>"; };
		E54A6AEE196B72D80094979A /* NSString+URLQuery.h */ = {isa = PBXFileReference; fileEncoding = 4; lastKnownFileType = sourcecode.c.h; name = "NSString+URLQuery.h"; path = "Categories/NSString+URLQuery.h"; sourceTree = "<group>"; };
		E54A6AEF196B72D80094979A /* NSString+URLQuery.m */ = {isa = PBXFileReference; fileEncoding = 4; lastKnownFileType = sourcecode.c.objc; name = "NSString+URLQuery.m"; path = "Categories/NSString+URLQuery.m"; sourceTree = "<group>"; };
		E54A6AF1196B7ED30094979A /* LBXUser.h */ = {isa = PBXFileReference; fileEncoding = 4; lastKnownFileType = sourcecode.c.h; name = LBXUser.h; path = Models/LBXUser.h; sourceTree = "<group>"; };
		E54A6AF2196B7ED30094979A /* LBXUser.m */ = {isa = PBXFileReference; fileEncoding = 4; lastKnownFileType = sourcecode.c.objc; name = LBXUser.m; path = Models/LBXUser.m; sourceTree = "<group>"; };
		E54A6AF7196B9E8B0094979A /* LBXBundle.h */ = {isa = PBXFileReference; fileEncoding = 4; lastKnownFileType = sourcecode.c.h; name = LBXBundle.h; path = Models/LBXBundle.h; sourceTree = "<group>"; };
		E54A6AF8196B9E8B0094979A /* LBXBundle.m */ = {isa = PBXFileReference; fileEncoding = 4; lastKnownFileType = sourcecode.c.objc; name = LBXBundle.m; path = Models/LBXBundle.m; sourceTree = "<group>"; };
		E54A6AFA196BA45F0094979A /* LBXMap.h */ = {isa = PBXFileReference; fileEncoding = 4; lastKnownFileType = sourcecode.c.h; name = LBXMap.h; path = Abstract/LBXMap.h; sourceTree = "<group>"; };
		E54A6AFB196BA45F0094979A /* LBXMap.m */ = {isa = PBXFileReference; fileEncoding = 4; lastKnownFileType = sourcecode.c.objc; name = LBXMap.m; path = Abstract/LBXMap.m; sourceTree = "<group>"; };
		E54A6AFD196BA5D70094979A /* LBXEndpoints.h */ = {isa = PBXFileReference; fileEncoding = 4; lastKnownFileType = sourcecode.c.h; name = LBXEndpoints.h; path = Abstract/LBXEndpoints.h; sourceTree = "<group>"; };
		E54A6AFE196BA5D70094979A /* LBXEndpoints.m */ = {isa = PBXFileReference; fileEncoding = 4; lastKnownFileType = sourcecode.c.objc; name = LBXEndpoints.m; path = Abstract/LBXEndpoints.m; sourceTree = "<group>"; };
		E54A6B00196BA6930094979A /* LBXRouter.h */ = {isa = PBXFileReference; fileEncoding = 4; lastKnownFileType = sourcecode.c.h; name = LBXRouter.h; path = Abstract/LBXRouter.h; sourceTree = "<group>"; };
		E54A6B01196BA6930094979A /* LBXRouter.m */ = {isa = PBXFileReference; fileEncoding = 4; lastKnownFileType = sourcecode.c.objc; name = LBXRouter.m; path = Abstract/LBXRouter.m; sourceTree = "<group>"; };
		E54A6B03196BA7CF0094979A /* LBXDescriptors.h */ = {isa = PBXFileReference; fileEncoding = 4; lastKnownFileType = sourcecode.c.h; name = LBXDescriptors.h; path = Abstract/LBXDescriptors.h; sourceTree = "<group>"; };
		E54A6B04196BA7CF0094979A /* LBXDescriptors.m */ = {isa = PBXFileReference; fileEncoding = 4; lastKnownFileType = sourcecode.c.objc; name = LBXDescriptors.m; path = Abstract/LBXDescriptors.m; sourceTree = "<group>"; };
		E555D38819624DEC003B97C0 /* LBXPullList.h */ = {isa = PBXFileReference; fileEncoding = 4; lastKnownFileType = sourcecode.c.h; name = LBXPullList.h; path = Models/LBXPullList.h; sourceTree = "<group>"; };
		E555D38919624DEC003B97C0 /* LBXPullList.m */ = {isa = PBXFileReference; fileEncoding = 4; lastKnownFileType = sourcecode.c.objc; name = LBXPullList.m; path = Models/LBXPullList.m; sourceTree = "<group>"; };
		E555D38E196359D1003B97C0 /* LBXAPITests.m */ = {isa = PBXFileReference; fileEncoding = 4; lastKnownFileType = sourcecode.c.objc; path = LBXAPITests.m; sourceTree = "<group>"; };
		E57D48C3196068E10014A13F /* Longboxed-iOS.app */ = {isa = PBXFileReference; explicitFileType = wrapper.application; includeInIndex = 0; path = "Longboxed-iOS.app"; sourceTree = BUILT_PRODUCTS_DIR; };
		E57D48C6196068E10014A13F /* Foundation.framework */ = {isa = PBXFileReference; lastKnownFileType = wrapper.framework; name = Foundation.framework; path = System/Library/Frameworks/Foundation.framework; sourceTree = SDKROOT; };
		E57D48C8196068E10014A13F /* CoreGraphics.framework */ = {isa = PBXFileReference; lastKnownFileType = wrapper.framework; name = CoreGraphics.framework; path = System/Library/Frameworks/CoreGraphics.framework; sourceTree = SDKROOT; };
		E57D48CA196068E10014A13F /* UIKit.framework */ = {isa = PBXFileReference; lastKnownFileType = wrapper.framework; name = UIKit.framework; path = System/Library/Frameworks/UIKit.framework; sourceTree = SDKROOT; };
		E57D48CE196068E10014A13F /* Longboxed-iOS-Info.plist */ = {isa = PBXFileReference; lastKnownFileType = text.plist.xml; path = "Longboxed-iOS-Info.plist"; sourceTree = "<group>"; };
		E57D48D0196068E10014A13F /* en */ = {isa = PBXFileReference; lastKnownFileType = text.plist.strings; name = en; path = en.lproj/InfoPlist.strings; sourceTree = "<group>"; };
		E57D48D2196068E10014A13F /* main.m */ = {isa = PBXFileReference; lastKnownFileType = sourcecode.c.objc; path = main.m; sourceTree = "<group>"; };
		E57D48D4196068E10014A13F /* Longboxed-iOS-Prefix.pch */ = {isa = PBXFileReference; lastKnownFileType = sourcecode.c.h; path = "Longboxed-iOS-Prefix.pch"; sourceTree = "<group>"; };
		E57D48D8196068E10014A13F /* Images.xcassets */ = {isa = PBXFileReference; lastKnownFileType = folder.assetcatalog; path = Images.xcassets; sourceTree = "<group>"; };
		E57D48DE196068E10014A13F /* Longboxed-iOSTests.xctest */ = {isa = PBXFileReference; explicitFileType = wrapper.cfbundle; includeInIndex = 0; path = "Longboxed-iOSTests.xctest"; sourceTree = BUILT_PRODUCTS_DIR; };
		E57D48DF196068E10014A13F /* XCTest.framework */ = {isa = PBXFileReference; lastKnownFileType = wrapper.framework; name = XCTest.framework; path = Library/Frameworks/XCTest.framework; sourceTree = DEVELOPER_DIR; };
		E57D48E7196068E10014A13F /* Longboxed-iOSTests-Info.plist */ = {isa = PBXFileReference; lastKnownFileType = text.plist.xml; path = "Longboxed-iOSTests-Info.plist"; sourceTree = "<group>"; };
		E57D48E9196068E10014A13F /* en */ = {isa = PBXFileReference; lastKnownFileType = text.plist.strings; name = en; path = en.lproj/InfoPlist.strings; sourceTree = "<group>"; };
		E57D49001960961E0014A13F /* ParallaxFlowLayout.h */ = {isa = PBXFileReference; fileEncoding = 4; lastKnownFileType = sourcecode.c.h; name = ParallaxFlowLayout.h; path = Views/ParallaxFlowLayout.h; sourceTree = "<group>"; };
		E57D49011960961E0014A13F /* ParallaxFlowLayout.m */ = {isa = PBXFileReference; fileEncoding = 4; lastKnownFileType = sourcecode.c.objc; name = ParallaxFlowLayout.m; path = Views/ParallaxFlowLayout.m; sourceTree = "<group>"; };
		E57D49021960961E0014A13F /* ParallaxLayoutAttributes.h */ = {isa = PBXFileReference; fileEncoding = 4; lastKnownFileType = sourcecode.c.h; name = ParallaxLayoutAttributes.h; path = Views/ParallaxLayoutAttributes.h; sourceTree = "<group>"; };
		E57D49031960961E0014A13F /* ParallaxLayoutAttributes.m */ = {isa = PBXFileReference; fileEncoding = 4; lastKnownFileType = sourcecode.c.objc; name = ParallaxLayoutAttributes.m; path = Views/ParallaxLayoutAttributes.m; sourceTree = "<group>"; };
		E57D49041960961E0014A13F /* ParallaxPhotoCell.h */ = {isa = PBXFileReference; fileEncoding = 4; lastKnownFileType = sourcecode.c.h; name = ParallaxPhotoCell.h; path = Views/ParallaxPhotoCell.h; sourceTree = "<group>"; };
		E57D49051960961E0014A13F /* ParallaxPhotoCell.m */ = {isa = PBXFileReference; fileEncoding = 4; lastKnownFileType = sourcecode.c.objc; name = ParallaxPhotoCell.m; path = Views/ParallaxPhotoCell.m; sourceTree = "<group>"; };
		E57D4909196096260014A13F /* LBXThisWeekCollectionViewController.h */ = {isa = PBXFileReference; fileEncoding = 4; lastKnownFileType = sourcecode.c.h; name = LBXThisWeekCollectionViewController.h; path = Controllers/LBXThisWeekCollectionViewController.h; sourceTree = "<group>"; };
		E57D490A196096260014A13F /* LBXThisWeekCollectionViewController.m */ = {isa = PBXFileReference; fileEncoding = 4; lastKnownFileType = sourcecode.c.objc; name = LBXThisWeekCollectionViewController.m; path = Controllers/LBXThisWeekCollectionViewController.m; sourceTree = "<group>"; };
		E57D49101960A2180014A13F /* LBXClient.h */ = {isa = PBXFileReference; fileEncoding = 4; lastKnownFileType = sourcecode.c.h; name = LBXClient.h; path = Abstract/LBXClient.h; sourceTree = "<group>"; };
		E57D49111960A2180014A13F /* LBXClient.m */ = {isa = PBXFileReference; fileEncoding = 4; lastKnownFileType = sourcecode.c.objc; name = LBXClient.m; path = Abstract/LBXClient.m; sourceTree = "<group>"; };
		E57D491F1960A6920014A13F /* LBXDataStore.h */ = {isa = PBXFileReference; fileEncoding = 4; lastKnownFileType = sourcecode.c.h; name = LBXDataStore.h; path = Abstract/LBXDataStore.h; sourceTree = "<group>"; };
		E57D49201960A6920014A13F /* LBXDataStore.m */ = {isa = PBXFileReference; fileEncoding = 4; lastKnownFileType = sourcecode.c.objc; name = LBXDataStore.m; path = Abstract/LBXDataStore.m; sourceTree = "<group>"; };
		E57D49231960B8F40014A13F /* black.png */ = {isa = PBXFileReference; lastKnownFileType = image.png; name = black.png; path = Assets/black.png; sourceTree = SOURCE_ROOT; };
		E57D49251960C8A70014A13F /* LBXThisWeeksComics.h */ = {isa = PBXFileReference; fileEncoding = 4; lastKnownFileType = sourcecode.c.h; name = LBXThisWeeksComics.h; path = Models/LBXThisWeeksComics.h; sourceTree = "<group>"; };
		E57D49261960C8A70014A13F /* LBXThisWeeksComics.m */ = {isa = PBXFileReference; fileEncoding = 4; lastKnownFileType = sourcecode.c.objc; name = LBXThisWeeksComics.m; path = Models/LBXThisWeeksComics.m; sourceTree = "<group>"; };
		E57D494119610C970014A13F /* LBXAppDelegate.h */ = {isa = PBXFileReference; fileEncoding = 4; lastKnownFileType = sourcecode.c.h; name = LBXAppDelegate.h; path = AppDelegate/LBXAppDelegate.h; sourceTree = "<group>"; };
		E57D494219610C970014A13F /* LBXAppDelegate.m */ = {isa = PBXFileReference; fileEncoding = 4; lastKnownFileType = sourcecode.c.objc; name = LBXAppDelegate.m; path = AppDelegate/LBXAppDelegate.m; sourceTree = "<group>"; };
		E57D4948196118950014A13F /* RECommonFunctions.h */ = {isa = PBXFileReference; fileEncoding = 4; lastKnownFileType = sourcecode.c.h; name = RECommonFunctions.h; path = Extras/REMenu/RECommonFunctions.h; sourceTree = "<group>"; };
		E57D4949196118950014A13F /* RECommonFunctions.m */ = {isa = PBXFileReference; fileEncoding = 4; lastKnownFileType = sourcecode.c.objc; name = RECommonFunctions.m; path = Extras/REMenu/RECommonFunctions.m; sourceTree = "<group>"; };
		E57D494A196118950014A13F /* REMenu.h */ = {isa = PBXFileReference; fileEncoding = 4; lastKnownFileType = sourcecode.c.h; name = REMenu.h; path = Extras/REMenu/REMenu.h; sourceTree = "<group>"; };
		E57D494B196118950014A13F /* REMenu.m */ = {isa = PBXFileReference; fileEncoding = 4; lastKnownFileType = sourcecode.c.objc; name = REMenu.m; path = Extras/REMenu/REMenu.m; sourceTree = "<group>"; };
		E57D494C196118950014A13F /* REMenuContainerView.h */ = {isa = PBXFileReference; fileEncoding = 4; lastKnownFileType = sourcecode.c.h; name = REMenuContainerView.h; path = Extras/REMenu/REMenuContainerView.h; sourceTree = "<group>"; };
		E57D494D196118950014A13F /* REMenuContainerView.m */ = {isa = PBXFileReference; fileEncoding = 4; lastKnownFileType = sourcecode.c.objc; name = REMenuContainerView.m; path = Extras/REMenu/REMenuContainerView.m; sourceTree = "<group>"; };
		E57D494E196118950014A13F /* REMenuItem.h */ = {isa = PBXFileReference; fileEncoding = 4; lastKnownFileType = sourcecode.c.h; name = REMenuItem.h; path = Extras/REMenu/REMenuItem.h; sourceTree = "<group>"; };
		E57D494F196118950014A13F /* REMenuItem.m */ = {isa = PBXFileReference; fileEncoding = 4; lastKnownFileType = sourcecode.c.objc; name = REMenuItem.m; path = Extras/REMenu/REMenuItem.m; sourceTree = "<group>"; };
		E57D4950196118950014A13F /* REMenuItemView.h */ = {isa = PBXFileReference; fileEncoding = 4; lastKnownFileType = sourcecode.c.h; name = REMenuItemView.h; path = Extras/REMenu/REMenuItemView.h; sourceTree = "<group>"; };
		E57D4951196118950014A13F /* REMenuItemView.m */ = {isa = PBXFileReference; fileEncoding = 4; lastKnownFileType = sourcecode.c.objc; name = REMenuItemView.m; path = Extras/REMenu/REMenuItemView.m; sourceTree = "<group>"; };
		E57D495919611BB30014A13F /* SVModalWebViewController.h */ = {isa = PBXFileReference; fileEncoding = 4; lastKnownFileType = sourcecode.c.h; name = SVModalWebViewController.h; path = Extras/SVWebViewController/SVModalWebViewController.h; sourceTree = "<group>"; };
		E57D495A19611BB30014A13F /* SVModalWebViewController.m */ = {isa = PBXFileReference; fileEncoding = 4; lastKnownFileType = sourcecode.c.objc; name = SVModalWebViewController.m; path = Extras/SVWebViewController/SVModalWebViewController.m; sourceTree = "<group>"; };
		E57D495B19611BB30014A13F /* SVWebViewController.bundle */ = {isa = PBXFileReference; lastKnownFileType = "wrapper.plug-in"; name = SVWebViewController.bundle; path = Extras/SVWebViewController/SVWebViewController.bundle; sourceTree = "<group>"; };
		E57D495C19611BB30014A13F /* SVWebViewController.h */ = {isa = PBXFileReference; fileEncoding = 4; lastKnownFileType = sourcecode.c.h; name = SVWebViewController.h; path = Extras/SVWebViewController/SVWebViewController.h; sourceTree = "<group>"; };
		E57D495D19611BB30014A13F /* SVWebViewController.m */ = {isa = PBXFileReference; fileEncoding = 4; lastKnownFileType = sourcecode.c.objc; name = SVWebViewController.m; path = Extras/SVWebViewController/SVWebViewController.m; sourceTree = "<group>"; };
		E57D496F19611C7C0014A13F /* SVWebViewControllerActivity.h */ = {isa = PBXFileReference; fileEncoding = 4; lastKnownFileType = sourcecode.c.h; name = SVWebViewControllerActivity.h; path = Extras/SVWebViewController/UIActivities/SVWebViewControllerActivity.h; sourceTree = "<group>"; };
		E57D497019611C7C0014A13F /* SVWebViewControllerActivity.m */ = {isa = PBXFileReference; fileEncoding = 4; lastKnownFileType = sourcecode.c.objc; name = SVWebViewControllerActivity.m; path = Extras/SVWebViewController/UIActivities/SVWebViewControllerActivity.m; sourceTree = "<group>"; };
		E57D497219611C8E0014A13F /* SVWebViewControllerActivityChrome-iPad.png */ = {isa = PBXFileReference; lastKnownFileType = image.png; name = "SVWebViewControllerActivityChrome-iPad.png"; path = "Extras/SVWebViewController/UIActivities/Chrome/SVWebViewControllerActivityChrome-iPad.png"; sourceTree = "<group>"; };
		E57D497319611C8E0014A13F /* SVWebViewControllerActivityChrome-iPad@2x.png */ = {isa = PBXFileReference; lastKnownFileType = image.png; name = "SVWebViewControllerActivityChrome-iPad@2x.png"; path = "Extras/SVWebViewController/UIActivities/Chrome/SVWebViewControllerActivityChrome-iPad@2x.png"; sourceTree = "<group>"; };
		E57D497419611C8E0014A13F /* SVWebViewControllerActivityChrome.h */ = {isa = PBXFileReference; fileEncoding = 4; lastKnownFileType = sourcecode.c.h; name = SVWebViewControllerActivityChrome.h; path = Extras/SVWebViewController/UIActivities/Chrome/SVWebViewControllerActivityChrome.h; sourceTree = "<group>"; };
		E57D497519611C8E0014A13F /* SVWebViewControllerActivityChrome.m */ = {isa = PBXFileReference; fileEncoding = 4; lastKnownFileType = sourcecode.c.objc; name = SVWebViewControllerActivityChrome.m; path = Extras/SVWebViewController/UIActivities/Chrome/SVWebViewControllerActivityChrome.m; sourceTree = "<group>"; };
		E57D497619611C8E0014A13F /* SVWebViewControllerActivityChrome@2x.png */ = {isa = PBXFileReference; lastKnownFileType = image.png; name = "SVWebViewControllerActivityChrome@2x.png"; path = "Extras/SVWebViewController/UIActivities/Chrome/SVWebViewControllerActivityChrome@2x.png"; sourceTree = "<group>"; };
		E57D497B19611C950014A13F /* SVWebViewControllerActivitySafari-iPad.png */ = {isa = PBXFileReference; lastKnownFileType = image.png; name = "SVWebViewControllerActivitySafari-iPad.png"; path = "Extras/SVWebViewController/UIActivities/Safari/SVWebViewControllerActivitySafari-iPad.png"; sourceTree = "<group>"; };
		E57D497C19611C950014A13F /* SVWebViewControllerActivitySafari-iPad@2x.png */ = {isa = PBXFileReference; lastKnownFileType = image.png; name = "SVWebViewControllerActivitySafari-iPad@2x.png"; path = "Extras/SVWebViewController/UIActivities/Safari/SVWebViewControllerActivitySafari-iPad@2x.png"; sourceTree = "<group>"; };
		E57D497D19611C950014A13F /* SVWebViewControllerActivitySafari.h */ = {isa = PBXFileReference; fileEncoding = 4; lastKnownFileType = sourcecode.c.h; name = SVWebViewControllerActivitySafari.h; path = Extras/SVWebViewController/UIActivities/Safari/SVWebViewControllerActivitySafari.h; sourceTree = "<group>"; };
		E57D497E19611C950014A13F /* SVWebViewControllerActivitySafari.m */ = {isa = PBXFileReference; fileEncoding = 4; lastKnownFileType = sourcecode.c.objc; name = SVWebViewControllerActivitySafari.m; path = Extras/SVWebViewController/UIActivities/Safari/SVWebViewControllerActivitySafari.m; sourceTree = "<group>"; };
		E57D497F19611C950014A13F /* SVWebViewControllerActivitySafari@2x.png */ = {isa = PBXFileReference; lastKnownFileType = image.png; name = "SVWebViewControllerActivitySafari@2x.png"; path = "Extras/SVWebViewController/UIActivities/Safari/SVWebViewControllerActivitySafari@2x.png"; sourceTree = "<group>"; };
		E57D498419611E380014A13F /* hamburger-button.png */ = {isa = PBXFileReference; lastKnownFileType = image.png; name = "hamburger-button.png"; path = "Assets/hamburger-button.png"; sourceTree = SOURCE_ROOT; };
		E57D498519611E380014A13F /* hamburger-button@2x.png */ = {isa = PBXFileReference; lastKnownFileType = image.png; name = "hamburger-button@2x.png"; path = "Assets/hamburger-button@2x.png"; sourceTree = SOURCE_ROOT; };
		E587FB4E1964E2B3006A3DDB /* PaperButton.h */ = {isa = PBXFileReference; lastKnownFileType = sourcecode.c.h; name = PaperButton.h; path = Extras/Pop/PaperButton.h; sourceTree = "<group>"; };
		E587FB4F1964E2E5006A3DDB /* PaperButton.m */ = {isa = PBXFileReference; fileEncoding = 4; lastKnownFileType = sourcecode.c.objc; name = PaperButton.m; path = Extras/Pop/PaperButton.m; sourceTree = "<group>"; };
		E5A773D019623E73002654E7 /* LBXNavigationViewController.h */ = {isa = PBXFileReference; fileEncoding = 4; lastKnownFileType = sourcecode.c.h; name = LBXNavigationViewController.h; path = Controllers/LBXNavigationViewController.h; sourceTree = "<group>"; };
		E5A773D119623E73002654E7 /* LBXNavigationViewController.m */ = {isa = PBXFileReference; fileEncoding = 4; lastKnownFileType = sourcecode.c.objc; name = LBXNavigationViewController.m; path = Controllers/LBXNavigationViewController.m; sourceTree = "<group>"; };
		E5A773D719623F52002654E7 /* NSData+Base64.h */ = {isa = PBXFileReference; fileEncoding = 4; lastKnownFileType = sourcecode.c.h; name = "NSData+Base64.h"; path = "Categories/NSData+Base64.h"; sourceTree = "<group>"; };
		E5A773D819623F52002654E7 /* NSData+Base64.m */ = {isa = PBXFileReference; fileEncoding = 4; lastKnownFileType = sourcecode.c.objc; name = "NSData+Base64.m"; path = "Categories/NSData+Base64.m"; sourceTree = "<group>"; };
		E5A773DA19624A52002654E7 /* LBXLoginViewController.h */ = {isa = PBXFileReference; fileEncoding = 4; lastKnownFileType = sourcecode.c.h; name = LBXLoginViewController.h; path = Controllers/LBXLoginViewController.h; sourceTree = "<group>"; };
		E5A773DB19624A52002654E7 /* LBXLoginViewController.m */ = {isa = PBXFileReference; fileEncoding = 4; lastKnownFileType = sourcecode.c.objc; name = LBXLoginViewController.m; path = Controllers/LBXLoginViewController.m; sourceTree = "<group>"; };
		E5A773DC19624A52002654E7 /* LBXLoginViewController.xib */ = {isa = PBXFileReference; fileEncoding = 4; lastKnownFileType = file.xib; name = LBXLoginViewController.xib; path = Controllers/LBXLoginViewController.xib; sourceTree = "<group>"; };
		E5F1871E196378E4006C4C26 /* LBXPullListCollectionViewController.h */ = {isa = PBXFileReference; fileEncoding = 4; lastKnownFileType = sourcecode.c.h; name = LBXPullListCollectionViewController.h; path = Controllers/LBXPullListCollectionViewController.h; sourceTree = "<group>"; };
		E5F1871F196378E4006C4C26 /* LBXPullListCollectionViewController.m */ = {isa = PBXFileReference; fileEncoding = 4; lastKnownFileType = sourcecode.c.objc; name = LBXPullListCollectionViewController.m; path = Controllers/LBXPullListCollectionViewController.m; sourceTree = "<group>"; };
		E5F18721196382BA006C4C26 /* LBXHomeViewController.h */ = {isa = PBXFileReference; fileEncoding = 4; lastKnownFileType = sourcecode.c.h; name = LBXHomeViewController.h; path = Controllers/LBXHomeViewController.h; sourceTree = "<group>"; };
		E5F18722196382BA006C4C26 /* LBXHomeViewController.m */ = {isa = PBXFileReference; fileEncoding = 4; lastKnownFileType = sourcecode.c.objc; name = LBXHomeViewController.m; path = Controllers/LBXHomeViewController.m; sourceTree = "<group>"; };
		E5F1873019638BBC006C4C26 /* EasyTableView.h */ = {isa = PBXFileReference; fileEncoding = 4; lastKnownFileType = sourcecode.c.h; name = EasyTableView.h; path = Extras/EasyTableView/EasyTableView.h; sourceTree = "<group>"; };
		E5F1873119638BBC006C4C26 /* EasyTableView.m */ = {isa = PBXFileReference; fileEncoding = 4; lastKnownFileType = sourcecode.c.objc; name = EasyTableView.m; path = Extras/EasyTableView/EasyTableView.m; sourceTree = "<group>"; };
		E5F18733196391D2006C4C26 /* longboxed_full.png */ = {isa = PBXFileReference; lastKnownFileType = image.png; name = longboxed_full.png; path = Assets/longboxed_full.png; sourceTree = SOURCE_ROOT; };
		E5F18734196391D2006C4C26 /* longboxed_full@2x.png */ = {isa = PBXFileReference; lastKnownFileType = image.png; name = "longboxed_full@2x.png"; path = "Assets/longboxed_full@2x.png"; sourceTree = SOURCE_ROOT; };
		E5F187371963A635006C4C26 /* LBXHomeViewController.xib */ = {isa = PBXFileReference; fileEncoding = 4; lastKnownFileType = file.xib; name = LBXHomeViewController.xib; path = Controllers/LBXHomeViewController.xib; sourceTree = "<group>"; };
		E5F187391963A971006C4C26 /* LBXBundleOld.h */ = {isa = PBXFileReference; fileEncoding = 4; lastKnownFileType = sourcecode.c.h; name = LBXBundleOld.h; path = Models/LBXBundleOld.h; sourceTree = "<group>"; };
		E5F1873A1963A971006C4C26 /* LBXBundleOld.m */ = {isa = PBXFileReference; fileEncoding = 4; lastKnownFileType = sourcecode.c.objc; name = LBXBundleOld.m; path = Models/LBXBundleOld.m; sourceTree = "<group>"; };
/* End PBXFileReference section */

/* Begin PBXFrameworksBuildPhase section */
		E57D48C0196068E10014A13F /* Frameworks */ = {
			isa = PBXFrameworksBuildPhase;
			buildActionMask = 2147483647;
			files = (
				E57D48C9196068E10014A13F /* CoreGraphics.framework in Frameworks */,
				E57D48CB196068E10014A13F /* UIKit.framework in Frameworks */,
				E57D48C7196068E10014A13F /* Foundation.framework in Frameworks */,
				4410A30038BE4D6282AAFEBB /* libPods.a in Frameworks */,
			);
			runOnlyForDeploymentPostprocessing = 0;
		};
		E57D48DB196068E10014A13F /* Frameworks */ = {
			isa = PBXFrameworksBuildPhase;
			buildActionMask = 2147483647;
			files = (
				E57D48E0196068E10014A13F /* XCTest.framework in Frameworks */,
				E57D48E2196068E10014A13F /* UIKit.framework in Frameworks */,
				E57D48E1196068E10014A13F /* Foundation.framework in Frameworks */,
				CDE56D0EB54A49F3B06F8E78 /* libPods.a in Frameworks */,
			);
			runOnlyForDeploymentPostprocessing = 0;
		};
/* End PBXFrameworksBuildPhase section */

/* Begin PBXGroup section */
		E51D00F4196A1A6F005FCF25 /* New Models */ = {
			isa = PBXGroup;
			children = (
				E54A6AF1196B7ED30094979A /* LBXUser.h */,
				E54A6AF2196B7ED30094979A /* LBXUser.m */,
				E51D00F8196A1A9C005FCF25 /* LBXIssue.h */,
				E51D00F9196A1A9C005FCF25 /* LBXIssue.m */,
				E51D00FB196A1FF2005FCF25 /* LBXPublisher.h */,
				E51D00FC196A1FF2005FCF25 /* LBXPublisher.m */,
				E51D00FE196A2004005FCF25 /* LBXTitle.h */,
				E51D00FF196A2004005FCF25 /* LBXTitle.m */,
				E54A6AF7196B9E8B0094979A /* LBXBundle.h */,
				E54A6AF8196B9E8B0094979A /* LBXBundle.m */,
			);
			name = "New Models";
			sourceTree = "<group>";
		};
		E57D48BA196068E10014A13F = {
			isa = PBXGroup;
			children = (
				E57D48CC196068E10014A13F /* Longboxed-iOS */,
				E57D48E5196068E10014A13F /* Longboxed-iOSTests */,
				E57D48C5196068E10014A13F /* Frameworks */,
				E57D48C4196068E10014A13F /* Products */,
				7AD8046282F84878BFC9B82F /* Pods.xcconfig */,
			);
			sourceTree = "<group>";
		};
		E57D48C4196068E10014A13F /* Products */ = {
			isa = PBXGroup;
			children = (
				E57D48C3196068E10014A13F /* Longboxed-iOS.app */,
				E57D48DE196068E10014A13F /* Longboxed-iOSTests.xctest */,
			);
			name = Products;
			sourceTree = "<group>";
		};
		E57D48C5196068E10014A13F /* Frameworks */ = {
			isa = PBXGroup;
			children = (
				E57D48C6196068E10014A13F /* Foundation.framework */,
				E57D48C8196068E10014A13F /* CoreGraphics.framework */,
				E57D48CA196068E10014A13F /* UIKit.framework */,
				E57D48DF196068E10014A13F /* XCTest.framework */,
				E1E220888AF5409D902176E2 /* libPods.a */,
			);
			name = Frameworks;
			sourceTree = "<group>";
		};
		E57D48CC196068E10014A13F /* Longboxed-iOS */ = {
			isa = PBXGroup;
			children = (
				E57D49131960A21D0014A13F /* Abstract */,
				E57D49141960A2350014A13F /* AppDelegate */,
				E51D00F4196A1A6F005FCF25 /* New Models */,
				E57D49151960A2590014A13F /* Models */,
				E57D48FF1960960E0014A13F /* Controllers */,
				E57D48FE1960960A0014A13F /* Views */,
				E5A773D619623E8B002654E7 /* Categories */,
				E57D495719611B8D0014A13F /* Extras */,
				E57D48D8196068E10014A13F /* Images.xcassets */,
				E57D48CD196068E10014A13F /* Supporting Files */,
			);
			path = "Longboxed-iOS";
			sourceTree = "<group>";
		};
		E57D48CD196068E10014A13F /* Supporting Files */ = {
			isa = PBXGroup;
			children = (
				E57D49221960B8E80014A13F /* Assets */,
				E57D48CE196068E10014A13F /* Longboxed-iOS-Info.plist */,
				E57D48CF196068E10014A13F /* InfoPlist.strings */,
				E57D48D2196068E10014A13F /* main.m */,
				E57D48D4196068E10014A13F /* Longboxed-iOS-Prefix.pch */,
			);
			name = "Supporting Files";
			sourceTree = "<group>";
		};
		E57D48E5196068E10014A13F /* Longboxed-iOSTests */ = {
			isa = PBXGroup;
			children = (
				E555D38E196359D1003B97C0 /* LBXAPITests.m */,
				E57D48E6196068E10014A13F /* Supporting Files */,
			);
			path = "Longboxed-iOSTests";
			sourceTree = "<group>";
		};
		E57D48E6196068E10014A13F /* Supporting Files */ = {
			isa = PBXGroup;
			children = (
				E57D48E7196068E10014A13F /* Longboxed-iOSTests-Info.plist */,
				E57D48E8196068E10014A13F /* InfoPlist.strings */,
			);
			name = "Supporting Files";
			sourceTree = "<group>";
		};
		E57D48FE1960960A0014A13F /* Views */ = {
			isa = PBXGroup;
			children = (
				E57D49001960961E0014A13F /* ParallaxFlowLayout.h */,
				E57D49011960961E0014A13F /* ParallaxFlowLayout.m */,
				E57D49021960961E0014A13F /* ParallaxLayoutAttributes.h */,
				E57D49031960961E0014A13F /* ParallaxLayoutAttributes.m */,
				E57D49041960961E0014A13F /* ParallaxPhotoCell.h */,
				E57D49051960961E0014A13F /* ParallaxPhotoCell.m */,
			);
			name = Views;
			sourceTree = "<group>";
		};
		E57D48FF1960960E0014A13F /* Controllers */ = {
			isa = PBXGroup;
			children = (
				E5A773D019623E73002654E7 /* LBXNavigationViewController.h */,
				E5A773D119623E73002654E7 /* LBXNavigationViewController.m */,
				E5F18721196382BA006C4C26 /* LBXHomeViewController.h */,
				E5F18722196382BA006C4C26 /* LBXHomeViewController.m */,
				E5F187371963A635006C4C26 /* LBXHomeViewController.xib */,
				E57D4909196096260014A13F /* LBXThisWeekCollectionViewController.h */,
				E57D490A196096260014A13F /* LBXThisWeekCollectionViewController.m */,
				E5F1871E196378E4006C4C26 /* LBXPullListCollectionViewController.h */,
				E5F1871F196378E4006C4C26 /* LBXPullListCollectionViewController.m */,
				E5A773DA19624A52002654E7 /* LBXLoginViewController.h */,
				E5A773DB19624A52002654E7 /* LBXLoginViewController.m */,
				E5A773DC19624A52002654E7 /* LBXLoginViewController.xib */,
			);
			name = Controllers;
			sourceTree = "<group>";
		};
		E57D49131960A21D0014A13F /* Abstract */ = {
			isa = PBXGroup;
			children = (
				E54A6AFD196BA5D70094979A /* LBXEndpoints.h */,
				E54A6AFE196BA5D70094979A /* LBXEndpoints.m */,
				E54A6B00196BA6930094979A /* LBXRouter.h */,
				E54A6B01196BA6930094979A /* LBXRouter.m */,
				E54A6AFA196BA45F0094979A /* LBXMap.h */,
				E54A6AFB196BA45F0094979A /* LBXMap.m */,
				E54A6B03196BA7CF0094979A /* LBXDescriptors.h */,
				E54A6B04196BA7CF0094979A /* LBXDescriptors.m */,
				E57D49101960A2180014A13F /* LBXClient.h */,
				E57D49111960A2180014A13F /* LBXClient.m */,
				E57D491F1960A6920014A13F /* LBXDataStore.h */,
				E57D49201960A6920014A13F /* LBXDataStore.m */,
			);
			name = Abstract;
			sourceTree = "<group>";
		};
		E57D49141960A2350014A13F /* AppDelegate */ = {
			isa = PBXGroup;
			children = (
				E57D494119610C970014A13F /* LBXAppDelegate.h */,
				E57D494219610C970014A13F /* LBXAppDelegate.m */,
			);
			name = AppDelegate;
			sourceTree = "<group>";
		};
		E57D49151960A2590014A13F /* Models */ = {
			isa = PBXGroup;
			children = (
				E555D38819624DEC003B97C0 /* LBXPullList.h */,
				E555D38919624DEC003B97C0 /* LBXPullList.m */,
				E5F187391963A971006C4C26 /* LBXBundleOld.h */,
				E5F1873A1963A971006C4C26 /* LBXBundleOld.m */,
				E57D49251960C8A70014A13F /* LBXThisWeeksComics.h */,
				E57D49261960C8A70014A13F /* LBXThisWeeksComics.m */,
			);
			name = Models;
			sourceTree = "<group>";
		};
		E57D49221960B8E80014A13F /* Assets */ = {
			isa = PBXGroup;
			children = (
				E5F18733196391D2006C4C26 /* longboxed_full.png */,
				E5F18734196391D2006C4C26 /* longboxed_full@2x.png */,
				E57D498419611E380014A13F /* hamburger-button.png */,
				E57D498519611E380014A13F /* hamburger-button@2x.png */,
				E57D49231960B8F40014A13F /* black.png */,
			);
			name = Assets;
			sourceTree = "<group>";
		};
		E57D4947196118750014A13F /* REMenu */ = {
			isa = PBXGroup;
			children = (
				E57D4948196118950014A13F /* RECommonFunctions.h */,
				E57D4949196118950014A13F /* RECommonFunctions.m */,
				E57D494A196118950014A13F /* REMenu.h */,
				E57D494B196118950014A13F /* REMenu.m */,
				E57D494C196118950014A13F /* REMenuContainerView.h */,
				E57D494D196118950014A13F /* REMenuContainerView.m */,
				E57D494E196118950014A13F /* REMenuItem.h */,
				E57D494F196118950014A13F /* REMenuItem.m */,
				E57D4950196118950014A13F /* REMenuItemView.h */,
				E57D4951196118950014A13F /* REMenuItemView.m */,
			);
			name = REMenu;
			sourceTree = "<group>";
		};
		E57D495719611B8D0014A13F /* Extras */ = {
			isa = PBXGroup;
			children = (
				E587FB4D1964E2A9006A3DDB /* Pop */,
				E5F1872619638980006C4C26 /* EasyTableView */,
				E57D495819611B920014A13F /* SVWebViewController */,
				E57D4947196118750014A13F /* REMenu */,
			);
			name = Extras;
			sourceTree = "<group>";
		};
		E57D495819611B920014A13F /* SVWebViewController */ = {
			isa = PBXGroup;
			children = (
				E57D495919611BB30014A13F /* SVModalWebViewController.h */,
				E57D495A19611BB30014A13F /* SVModalWebViewController.m */,
				E57D495B19611BB30014A13F /* SVWebViewController.bundle */,
				E57D495C19611BB30014A13F /* SVWebViewController.h */,
				E57D495D19611BB30014A13F /* SVWebViewController.m */,
				E57D496C19611C610014A13F /* UIActivities */,
			);
			name = SVWebViewController;
			sourceTree = "<group>";
		};
		E57D496C19611C610014A13F /* UIActivities */ = {
			isa = PBXGroup;
			children = (
				E57D496F19611C7C0014A13F /* SVWebViewControllerActivity.h */,
				E57D497019611C7C0014A13F /* SVWebViewControllerActivity.m */,
				E57D496E19611C6C0014A13F /* Safari */,
				E57D496D19611C680014A13F /* Chrome */,
			);
			name = UIActivities;
			sourceTree = "<group>";
		};
		E57D496D19611C680014A13F /* Chrome */ = {
			isa = PBXGroup;
			children = (
				E57D497219611C8E0014A13F /* SVWebViewControllerActivityChrome-iPad.png */,
				E57D497319611C8E0014A13F /* SVWebViewControllerActivityChrome-iPad@2x.png */,
				E57D497419611C8E0014A13F /* SVWebViewControllerActivityChrome.h */,
				E57D497519611C8E0014A13F /* SVWebViewControllerActivityChrome.m */,
				E57D497619611C8E0014A13F /* SVWebViewControllerActivityChrome@2x.png */,
			);
			name = Chrome;
			sourceTree = "<group>";
		};
		E57D496E19611C6C0014A13F /* Safari */ = {
			isa = PBXGroup;
			children = (
				E57D497B19611C950014A13F /* SVWebViewControllerActivitySafari-iPad.png */,
				E57D497C19611C950014A13F /* SVWebViewControllerActivitySafari-iPad@2x.png */,
				E57D497D19611C950014A13F /* SVWebViewControllerActivitySafari.h */,
				E57D497E19611C950014A13F /* SVWebViewControllerActivitySafari.m */,
				E57D497F19611C950014A13F /* SVWebViewControllerActivitySafari@2x.png */,
			);
			name = Safari;
			sourceTree = "<group>";
		};
		E587FB4D1964E2A9006A3DDB /* Pop */ = {
			isa = PBXGroup;
			children = (
				E587FB4E1964E2B3006A3DDB /* PaperButton.h */,
				E587FB4F1964E2E5006A3DDB /* PaperButton.m */,
			);
			name = Pop;
			sourceTree = "<group>";
		};
		E5A773D619623E8B002654E7 /* Categories */ = {
			isa = PBXGroup;
			children = (
				E5A773D719623F52002654E7 /* NSData+Base64.h */,
				E5A773D819623F52002654E7 /* NSData+Base64.m */,
				E54A6AEE196B72D80094979A /* NSString+URLQuery.h */,
				E54A6AEF196B72D80094979A /* NSString+URLQuery.m */,
			);
			name = Categories;
			sourceTree = "<group>";
		};
		E5F1872619638980006C4C26 /* EasyTableView */ = {
			isa = PBXGroup;
			children = (
				E5F1873019638BBC006C4C26 /* EasyTableView.h */,
				E5F1873119638BBC006C4C26 /* EasyTableView.m */,
			);
			name = EasyTableView;
			sourceTree = "<group>";
		};
/* End PBXGroup section */

/* Begin PBXNativeTarget section */
		E57D48C2196068E10014A13F /* Longboxed-iOS */ = {
			isa = PBXNativeTarget;
			buildConfigurationList = E57D48EF196068E10014A13F /* Build configuration list for PBXNativeTarget "Longboxed-iOS" */;
			buildPhases = (
				C793CE1CB37D4890A7508BD1 /* Check Pods Manifest.lock */,
				E57D48FB196069F60014A13F /* Set Bundle Identifier and Display Name */,
				E57D48C0196068E10014A13F /* Frameworks */,
				E57D48C1196068E10014A13F /* Resources */,
				E57D48BF196068E10014A13F /* Sources */,
				E57D48FC19606A500014A13F /* Increment Build Number */,
				516CA5D694294377A3226C09 /* Copy Pods Resources */,
			);
			buildRules = (
			);
			dependencies = (
			);
			name = "Longboxed-iOS";
			productName = "Longboxed-iOS";
			productReference = E57D48C3196068E10014A13F /* Longboxed-iOS.app */;
			productType = "com.apple.product-type.application";
		};
		E57D48DD196068E10014A13F /* Longboxed-iOSTests */ = {
			isa = PBXNativeTarget;
			buildConfigurationList = E57D48F2196068E10014A13F /* Build configuration list for PBXNativeTarget "Longboxed-iOSTests" */;
			buildPhases = (
				8026D649B0664F80984E90D2 /* Check Pods Manifest.lock */,
				E57D48DA196068E10014A13F /* Sources */,
				E57D48DB196068E10014A13F /* Frameworks */,
				E57D48DC196068E10014A13F /* Resources */,
				AE05EA4D4BED492293685A9C /* Copy Pods Resources */,
			);
			buildRules = (
			);
			dependencies = (
				E57D48E4196068E10014A13F /* PBXTargetDependency */,
			);
			name = "Longboxed-iOSTests";
			productName = "Longboxed-iOSTests";
			productReference = E57D48DE196068E10014A13F /* Longboxed-iOSTests.xctest */;
			productType = "com.apple.product-type.bundle.unit-test";
		};
/* End PBXNativeTarget section */

/* Begin PBXProject section */
		E57D48BB196068E10014A13F /* Project object */ = {
			isa = PBXProject;
			attributes = {
				CLASSPREFIX = LBX;
				LastUpgradeCheck = 0510;
				ORGANIZATIONNAME = Longboxed;
				TargetAttributes = {
					E57D48DD196068E10014A13F = {
						TestTargetID = E57D48C2196068E10014A13F;
					};
				};
			};
			buildConfigurationList = E57D48BE196068E10014A13F /* Build configuration list for PBXProject "Longboxed-iOS" */;
			compatibilityVersion = "Xcode 3.2";
			developmentRegion = English;
			hasScannedForEncodings = 0;
			knownRegions = (
				en,
			);
			mainGroup = E57D48BA196068E10014A13F;
			productRefGroup = E57D48C4196068E10014A13F /* Products */;
			projectDirPath = "";
			projectRoot = "";
			targets = (
				E57D48C2196068E10014A13F /* Longboxed-iOS */,
				E57D48DD196068E10014A13F /* Longboxed-iOSTests */,
			);
		};
/* End PBXProject section */

/* Begin PBXResourcesBuildPhase section */
		E57D48C1196068E10014A13F /* Resources */ = {
			isa = PBXResourcesBuildPhase;
			buildActionMask = 2147483647;
			files = (
				E57D496419611BB30014A13F /* SVWebViewController.bundle in Resources */,
				E5F18736196391D2006C4C26 /* longboxed_full@2x.png in Resources */,
				E57D498019611C950014A13F /* SVWebViewControllerActivitySafari-iPad.png in Resources */,
				E57D498719611E380014A13F /* hamburger-button@2x.png in Resources */,
				E57D48D1196068E10014A13F /* InfoPlist.strings in Resources */,
				E57D48D9196068E10014A13F /* Images.xcassets in Resources */,
				E57D498319611C950014A13F /* SVWebViewControllerActivitySafari@2x.png in Resources */,
				E57D49241960B8F40014A13F /* black.png in Resources */,
				E57D498119611C950014A13F /* SVWebViewControllerActivitySafari-iPad@2x.png in Resources */,
				E57D497819611C8E0014A13F /* SVWebViewControllerActivityChrome-iPad@2x.png in Resources */,
				E57D498619611E380014A13F /* hamburger-button.png in Resources */,
				E57D497A19611C8E0014A13F /* SVWebViewControllerActivityChrome@2x.png in Resources */,
				E5F187381963A635006C4C26 /* LBXHomeViewController.xib in Resources */,
				E5A773DE19624A52002654E7 /* LBXLoginViewController.xib in Resources */,
				E57D497719611C8E0014A13F /* SVWebViewControllerActivityChrome-iPad.png in Resources */,
				E5F18735196391D2006C4C26 /* longboxed_full.png in Resources */,
			);
			runOnlyForDeploymentPostprocessing = 0;
		};
		E57D48DC196068E10014A13F /* Resources */ = {
			isa = PBXResourcesBuildPhase;
			buildActionMask = 2147483647;
			files = (
				E57D48EA196068E10014A13F /* InfoPlist.strings in Resources */,
			);
			runOnlyForDeploymentPostprocessing = 0;
		};
/* End PBXResourcesBuildPhase section */

/* Begin PBXShellScriptBuildPhase section */
		516CA5D694294377A3226C09 /* Copy Pods Resources */ = {
			isa = PBXShellScriptBuildPhase;
			buildActionMask = 2147483647;
			files = (
			);
			inputPaths = (
			);
			name = "Copy Pods Resources";
			outputPaths = (
			);
			runOnlyForDeploymentPostprocessing = 0;
			shellPath = /bin/sh;
			shellScript = "\"${SRCROOT}/Pods/Pods-resources.sh\"\n";
			showEnvVarsInLog = 0;
		};
		8026D649B0664F80984E90D2 /* Check Pods Manifest.lock */ = {
			isa = PBXShellScriptBuildPhase;
			buildActionMask = 2147483647;
			files = (
			);
			inputPaths = (
			);
			name = "Check Pods Manifest.lock";
			outputPaths = (
			);
			runOnlyForDeploymentPostprocessing = 0;
			shellPath = /bin/sh;
			shellScript = "diff \"${PODS_ROOT}/../Podfile.lock\" \"${PODS_ROOT}/Manifest.lock\" > /dev/null\nif [[ $? != 0 ]] ; then\n    cat << EOM\nerror: The sandbox is not in sync with the Podfile.lock. Run 'pod install' or update your CocoaPods installation.\nEOM\n    exit 1\nfi\n";
			showEnvVarsInLog = 0;
		};
		AE05EA4D4BED492293685A9C /* Copy Pods Resources */ = {
			isa = PBXShellScriptBuildPhase;
			buildActionMask = 2147483647;
			files = (
			);
			inputPaths = (
			);
			name = "Copy Pods Resources";
			outputPaths = (
			);
			runOnlyForDeploymentPostprocessing = 0;
			shellPath = /bin/sh;
			shellScript = "\"${SRCROOT}/Pods/Pods-resources.sh\"\n";
			showEnvVarsInLog = 0;
		};
		C793CE1CB37D4890A7508BD1 /* Check Pods Manifest.lock */ = {
			isa = PBXShellScriptBuildPhase;
			buildActionMask = 2147483647;
			files = (
			);
			inputPaths = (
			);
			name = "Check Pods Manifest.lock";
			outputPaths = (
			);
			runOnlyForDeploymentPostprocessing = 0;
			shellPath = /bin/sh;
			shellScript = "diff \"${PODS_ROOT}/../Podfile.lock\" \"${PODS_ROOT}/Manifest.lock\" > /dev/null\nif [[ $? != 0 ]] ; then\n    cat << EOM\nerror: The sandbox is not in sync with the Podfile.lock. Run 'pod install' or update your CocoaPods installation.\nEOM\n    exit 1\nfi\n";
			showEnvVarsInLog = 0;
		};
		E57D48FB196069F60014A13F /* Set Bundle Identifier and Display Name */ = {
			isa = PBXShellScriptBuildPhase;
			buildActionMask = 2147483647;
			files = (
			);
			inputPaths = (
			);
			name = "Set Bundle Identifier and Display Name";
			outputPaths = (
			);
			runOnlyForDeploymentPostprocessing = 0;
			shellPath = /bin/sh;
			shellScript = "#!/bin/bash\n\n\nbundleIdentifier=$(/usr/libexec/PlistBuddy -c \"Print CFBundleIdentifier\" \"$INFOPLIST_FILE\")\nbundleDisplayName=$(/usr/libexec/PlistBuddy -c \"Print CFBundleDisplayName\" \"$INFOPLIST_FILE\")\n\nif [ $CONFIGURATION == AppStore ]; then\nbundleIdentifier=\"com.longboxed.Longboxed-iOS\"\nbundleDisplayName=\"Longboxed\"\nelif [ $CONFIGURATION == Beta ]; then\nbundleIdentifier=\"com.longboxed.Longboxed-iOSBeta\"\nbundleDisplayName=\"Longboxed β\"\nelse\nbundleIdentifier=\"com.longboxed.Longboxed-iOSAlpha\"\nbundleDisplayName=\"Longboxed α\"\nfi\n\n/usr/libexec/PlistBuddy -c \"Set :CFBundleIdentifier $bundleIdentifier\" \"$INFOPLIST_FILE\"\n/usr/libexec/PlistBuddy -c \"Set :CFBundleDisplayName $bundleDisplayName\" \"$INFOPLIST_FILE\"\n";
		};
		E57D48FC19606A500014A13F /* Increment Build Number */ = {
			isa = PBXShellScriptBuildPhase;
			buildActionMask = 2147483647;
			files = (
			);
			inputPaths = (
			);
			name = "Increment Build Number";
			outputPaths = (
			);
			runOnlyForDeploymentPostprocessing = 0;
			shellPath = /bin/sh;
			shellScript = "#!/bin/bash\nif [ $CONFIGURATION == Beta ] || [ $CONFIGURATION == AppStore ] || [ $CONFIGURATION == Alpha ]; then\nbuildNumber=$(/usr/libexec/PlistBuddy -c \"Print CFBundleVersion\" \"$INFOPLIST_FILE\")\nbuildNumber=$(($buildNumber + 1))\n/usr/libexec/PlistBuddy -c \"Set :CFBundleVersion $buildNumber\" \"$INFOPLIST_FILE\"\nfi";
		};
/* End PBXShellScriptBuildPhase section */

/* Begin PBXSourcesBuildPhase section */
		E57D48BF196068E10014A13F /* Sources */ = {
			isa = PBXSourcesBuildPhase;
			buildActionMask = 2147483647;
			files = (
				E54A6AF9196B9E8B0094979A /* LBXBundle.m in Sources */,
				E587FB501964E2E5006A3DDB /* PaperButton.m in Sources */,
				E57D48D3196068E10014A13F /* main.m in Sources */,
				E57D49061960961E0014A13F /* ParallaxFlowLayout.m in Sources */,
				E5F18720196378E4006C4C26 /* LBXPullListCollectionViewController.m in Sources */,
				E51D00FA196A1A9C005FCF25 /* LBXIssue.m in Sources */,
				E57D4956196118950014A13F /* REMenuItemView.m in Sources */,
				E57D49081960961E0014A13F /* ParallaxPhotoCell.m in Sources */,
				E5A773D219623E73002654E7 /* LBXNavigationViewController.m in Sources */,
				E54A6B05196BA7CF0094979A /* LBXDescriptors.m in Sources */,
				E5F18724196382BA006C4C26 /* LBXHomeViewController.m in Sources */,
				E57D497919611C8E0014A13F /* SVWebViewControllerActivityChrome.m in Sources */,
				E57D49121960A2180014A13F /* LBXClient.m in Sources */,
				E57D494319610C970014A13F /* LBXAppDelegate.m in Sources */,
				E51D0100196A2004005FCF25 /* LBXTitle.m in Sources */,
				E57D490B196096260014A13F /* LBXThisWeekCollectionViewController.m in Sources */,
				E54A6AFF196BA5D70094979A /* LBXEndpoints.m in Sources */,
				E54A6AFC196BA45F0094979A /* LBXMap.m in Sources */,
				E57D49211960A6920014A13F /* LBXDataStore.m in Sources */,
				E5F1873219638BBC006C4C26 /* EasyTableView.m in Sources */,
				E57D496319611BB30014A13F /* SVModalWebViewController.m in Sources */,
				E57D4953196118950014A13F /* REMenu.m in Sources */,
				E51D00FD196A1FF2005FCF25 /* LBXPublisher.m in Sources */,
				E57D49271960C8A70014A13F /* LBXThisWeeksComics.m in Sources */,
				E57D4954196118950014A13F /* REMenuContainerView.m in Sources */,
				E555D38A19624DEC003B97C0 /* LBXPullList.m in Sources */,
				E54A6B02196BA6930094979A /* LBXRouter.m in Sources */,
				E57D49071960961E0014A13F /* ParallaxLayoutAttributes.m in Sources */,
				E5A773DD19624A52002654E7 /* LBXLoginViewController.m in Sources */,
				E57D4952196118950014A13F /* RECommonFunctions.m in Sources */,
				E57D498219611C950014A13F /* SVWebViewControllerActivitySafari.m in Sources */,
				E54A6AF0196B72D80094979A /* NSString+URLQuery.m in Sources */,
				E5A773D919623F52002654E7 /* NSData+Base64.m in Sources */,
				E5F1873B1963A971006C4C26 /* LBXBundleOld.m in Sources */,
				E57D4955196118950014A13F /* REMenuItem.m in Sources */,
				E57D496519611BB30014A13F /* SVWebViewController.m in Sources */,
				E54A6AF3196B7ED30094979A /* LBXUser.m in Sources */,
				E57D497119611C7C0014A13F /* SVWebViewControllerActivity.m in Sources */,
			);
			runOnlyForDeploymentPostprocessing = 0;
		};
		E57D48DA196068E10014A13F /* Sources */ = {
			isa = PBXSourcesBuildPhase;
			buildActionMask = 2147483647;
			files = (
				E555D38F196359D1003B97C0 /* LBXAPITests.m in Sources */,
			);
			runOnlyForDeploymentPostprocessing = 0;
		};
/* End PBXSourcesBuildPhase section */

/* Begin PBXTargetDependency section */
		E57D48E4196068E10014A13F /* PBXTargetDependency */ = {
			isa = PBXTargetDependency;
			target = E57D48C2196068E10014A13F /* Longboxed-iOS */;
			targetProxy = E57D48E3196068E10014A13F /* PBXContainerItemProxy */;
		};
/* End PBXTargetDependency section */

/* Begin PBXVariantGroup section */
		E57D48CF196068E10014A13F /* InfoPlist.strings */ = {
			isa = PBXVariantGroup;
			children = (
				E57D48D0196068E10014A13F /* en */,
			);
			name = InfoPlist.strings;
			sourceTree = "<group>";
		};
		E57D48E8196068E10014A13F /* InfoPlist.strings */ = {
			isa = PBXVariantGroup;
			children = (
				E57D48E9196068E10014A13F /* en */,
			);
			name = InfoPlist.strings;
			sourceTree = "<group>";
		};
/* End PBXVariantGroup section */

/* Begin XCBuildConfiguration section */
		E57D48ED196068E10014A13F /* Debug */ = {
			isa = XCBuildConfiguration;
			buildSettings = {
				ALWAYS_SEARCH_USER_PATHS = NO;
				CLANG_CXX_LANGUAGE_STANDARD = "gnu++0x";
				CLANG_CXX_LIBRARY = "libc++";
				CLANG_ENABLE_MODULES = YES;
				CLANG_ENABLE_OBJC_ARC = YES;
				CLANG_WARN_BOOL_CONVERSION = YES;
				CLANG_WARN_CONSTANT_CONVERSION = YES;
				CLANG_WARN_DIRECT_OBJC_ISA_USAGE = YES_ERROR;
				CLANG_WARN_EMPTY_BODY = YES;
				CLANG_WARN_ENUM_CONVERSION = YES;
				CLANG_WARN_INT_CONVERSION = YES;
				CLANG_WARN_OBJC_ROOT_CLASS = YES_ERROR;
				CLANG_WARN__DUPLICATE_METHOD_MATCH = YES;
				"CODE_SIGN_IDENTITY[sdk=iphoneos*]" = "iPhone Developer";
				COPY_PHASE_STRIP = NO;
				GCC_C_LANGUAGE_STANDARD = gnu99;
				GCC_DYNAMIC_NO_PIC = NO;
				GCC_OPTIMIZATION_LEVEL = 0;
				GCC_PREPROCESSOR_DEFINITIONS = (
					"DEBUG=1",
					"$(inherited)",
				);
				GCC_SYMBOLS_PRIVATE_EXTERN = NO;
				GCC_WARN_64_TO_32_BIT_CONVERSION = YES;
				GCC_WARN_ABOUT_RETURN_TYPE = YES_ERROR;
				GCC_WARN_UNDECLARED_SELECTOR = YES;
				GCC_WARN_UNINITIALIZED_AUTOS = YES_AGGRESSIVE;
				GCC_WARN_UNUSED_FUNCTION = YES;
				GCC_WARN_UNUSED_VARIABLE = YES;
				IPHONEOS_DEPLOYMENT_TARGET = 7.1;
				ONLY_ACTIVE_ARCH = YES;
				SDKROOT = iphoneos;
			};
			name = Debug;
		};
		E57D48EE196068E10014A13F /* AppStore */ = {
			isa = XCBuildConfiguration;
			buildSettings = {
				ALWAYS_SEARCH_USER_PATHS = NO;
				CLANG_CXX_LANGUAGE_STANDARD = "gnu++0x";
				CLANG_CXX_LIBRARY = "libc++";
				CLANG_ENABLE_MODULES = YES;
				CLANG_ENABLE_OBJC_ARC = YES;
				CLANG_WARN_BOOL_CONVERSION = YES;
				CLANG_WARN_CONSTANT_CONVERSION = YES;
				CLANG_WARN_DIRECT_OBJC_ISA_USAGE = YES_ERROR;
				CLANG_WARN_EMPTY_BODY = YES;
				CLANG_WARN_ENUM_CONVERSION = YES;
				CLANG_WARN_INT_CONVERSION = YES;
				CLANG_WARN_OBJC_ROOT_CLASS = YES_ERROR;
				CLANG_WARN__DUPLICATE_METHOD_MATCH = YES;
				"CODE_SIGN_IDENTITY[sdk=iphoneos*]" = "iPhone Developer";
				COPY_PHASE_STRIP = YES;
				ENABLE_NS_ASSERTIONS = NO;
				GCC_C_LANGUAGE_STANDARD = gnu99;
				GCC_WARN_64_TO_32_BIT_CONVERSION = YES;
				GCC_WARN_ABOUT_RETURN_TYPE = YES_ERROR;
				GCC_WARN_UNDECLARED_SELECTOR = YES;
				GCC_WARN_UNINITIALIZED_AUTOS = YES_AGGRESSIVE;
				GCC_WARN_UNUSED_FUNCTION = YES;
				GCC_WARN_UNUSED_VARIABLE = YES;
				IPHONEOS_DEPLOYMENT_TARGET = 7.1;
				SDKROOT = iphoneos;
				VALIDATE_PRODUCT = YES;
			};
			name = AppStore;
		};
		E57D48F0196068E10014A13F /* Debug */ = {
			isa = XCBuildConfiguration;
			baseConfigurationReference = 7AD8046282F84878BFC9B82F /* Pods.xcconfig */;
			buildSettings = {
				ASSETCATALOG_COMPILER_APPICON_NAME = AppIcon;
				ASSETCATALOG_COMPILER_LAUNCHIMAGE_NAME = LaunchImage;
				GCC_PRECOMPILE_PREFIX_HEADER = YES;
				GCC_PREFIX_HEADER = "Longboxed-iOS/Longboxed-iOS-Prefix.pch";
				INFOPLIST_FILE = "Longboxed-iOS/Longboxed-iOS-Info.plist";
				IPHONEOS_DEPLOYMENT_TARGET = 7.0;
				PRODUCT_NAME = "$(TARGET_NAME)";
				WRAPPER_EXTENSION = app;
			};
			name = Debug;
		};
		E57D48F1196068E10014A13F /* AppStore */ = {
			isa = XCBuildConfiguration;
			baseConfigurationReference = 7AD8046282F84878BFC9B82F /* Pods.xcconfig */;
			buildSettings = {
				ASSETCATALOG_COMPILER_APPICON_NAME = AppIcon;
				ASSETCATALOG_COMPILER_LAUNCHIMAGE_NAME = LaunchImage;
				GCC_PRECOMPILE_PREFIX_HEADER = YES;
				GCC_PREFIX_HEADER = "Longboxed-iOS/Longboxed-iOS-Prefix.pch";
				INFOPLIST_FILE = "Longboxed-iOS/Longboxed-iOS-Info.plist";
				IPHONEOS_DEPLOYMENT_TARGET = 7.0;
				PRODUCT_NAME = "$(TARGET_NAME)";
				WRAPPER_EXTENSION = app;
			};
			name = AppStore;
		};
		E57D48F3196068E10014A13F /* Debug */ = {
			isa = XCBuildConfiguration;
			baseConfigurationReference = 7AD8046282F84878BFC9B82F /* Pods.xcconfig */;
			buildSettings = {
				BUNDLE_LOADER = "$(BUILT_PRODUCTS_DIR)/Longboxed-iOS.app/Longboxed-iOS";
				FRAMEWORK_SEARCH_PATHS = (
					"$(SDKROOT)/Developer/Library/Frameworks",
					"$(inherited)",
					"$(DEVELOPER_FRAMEWORKS_DIR)",
				);
				GCC_PRECOMPILE_PREFIX_HEADER = YES;
				GCC_PREFIX_HEADER = "Longboxed-iOS/Longboxed-iOS-Prefix.pch";
				GCC_PREPROCESSOR_DEFINITIONS = (
					"DEBUG=1",
					"$(inherited)",
				);
				INFOPLIST_FILE = "Longboxed-iOSTests/Longboxed-iOSTests-Info.plist";
				LIBRARY_SEARCH_PATHS = "$(inherited)";
				PRODUCT_NAME = "$(TARGET_NAME)";
				TEST_HOST = "$(BUNDLE_LOADER)";
				WRAPPER_EXTENSION = xctest;
			};
			name = Debug;
		};
		E57D48F4196068E10014A13F /* AppStore */ = {
			isa = XCBuildConfiguration;
			baseConfigurationReference = 7AD8046282F84878BFC9B82F /* Pods.xcconfig */;
			buildSettings = {
				BUNDLE_LOADER = "$(BUILT_PRODUCTS_DIR)/Longboxed-iOS.app/Longboxed-iOS";
				FRAMEWORK_SEARCH_PATHS = (
					"$(SDKROOT)/Developer/Library/Frameworks",
					"$(inherited)",
					"$(DEVELOPER_FRAMEWORKS_DIR)",
				);
				GCC_PRECOMPILE_PREFIX_HEADER = YES;
				GCC_PREFIX_HEADER = "Longboxed-iOS/Longboxed-iOS-Prefix.pch";
				INFOPLIST_FILE = "Longboxed-iOSTests/Longboxed-iOSTests-Info.plist";
				LIBRARY_SEARCH_PATHS = "$(inherited)";
				PRODUCT_NAME = "$(TARGET_NAME)";
				TEST_HOST = "$(BUNDLE_LOADER)";
				WRAPPER_EXTENSION = xctest;
			};
			name = AppStore;
		};
		E57D48F5196069610014A13F /* Alpha */ = {
			isa = XCBuildConfiguration;
			buildSettings = {
				ALWAYS_SEARCH_USER_PATHS = NO;
				CLANG_CXX_LANGUAGE_STANDARD = "gnu++0x";
				CLANG_CXX_LIBRARY = "libc++";
				CLANG_ENABLE_MODULES = YES;
				CLANG_ENABLE_OBJC_ARC = YES;
				CLANG_WARN_BOOL_CONVERSION = YES;
				CLANG_WARN_CONSTANT_CONVERSION = YES;
				CLANG_WARN_DIRECT_OBJC_ISA_USAGE = YES_ERROR;
				CLANG_WARN_EMPTY_BODY = YES;
				CLANG_WARN_ENUM_CONVERSION = YES;
				CLANG_WARN_INT_CONVERSION = YES;
				CLANG_WARN_OBJC_ROOT_CLASS = YES_ERROR;
				CLANG_WARN__DUPLICATE_METHOD_MATCH = YES;
				"CODE_SIGN_IDENTITY[sdk=iphoneos*]" = "iPhone Developer";
				COPY_PHASE_STRIP = NO;
				GCC_C_LANGUAGE_STANDARD = gnu99;
				GCC_DYNAMIC_NO_PIC = NO;
				GCC_OPTIMIZATION_LEVEL = 0;
				GCC_PREPROCESSOR_DEFINITIONS = (
					"DEBUG=1",
					"$(inherited)",
				);
				GCC_SYMBOLS_PRIVATE_EXTERN = NO;
				GCC_WARN_64_TO_32_BIT_CONVERSION = YES;
				GCC_WARN_ABOUT_RETURN_TYPE = YES_ERROR;
				GCC_WARN_UNDECLARED_SELECTOR = YES;
				GCC_WARN_UNINITIALIZED_AUTOS = YES_AGGRESSIVE;
				GCC_WARN_UNUSED_FUNCTION = YES;
				GCC_WARN_UNUSED_VARIABLE = YES;
				IPHONEOS_DEPLOYMENT_TARGET = 7.1;
				ONLY_ACTIVE_ARCH = YES;
				SDKROOT = iphoneos;
			};
			name = Alpha;
		};
		E57D48F6196069610014A13F /* Alpha */ = {
			isa = XCBuildConfiguration;
			baseConfigurationReference = 7AD8046282F84878BFC9B82F /* Pods.xcconfig */;
			buildSettings = {
				ASSETCATALOG_COMPILER_APPICON_NAME = AppIcon;
				ASSETCATALOG_COMPILER_LAUNCHIMAGE_NAME = LaunchImage;
				GCC_PRECOMPILE_PREFIX_HEADER = YES;
				GCC_PREFIX_HEADER = "Longboxed-iOS/Longboxed-iOS-Prefix.pch";
				INFOPLIST_FILE = "Longboxed-iOS/Longboxed-iOS-Info.plist";
				IPHONEOS_DEPLOYMENT_TARGET = 7.0;
				PRODUCT_NAME = "$(TARGET_NAME)";
				WRAPPER_EXTENSION = app;
			};
			name = Alpha;
		};
		E57D48F7196069610014A13F /* Alpha */ = {
			isa = XCBuildConfiguration;
			baseConfigurationReference = 7AD8046282F84878BFC9B82F /* Pods.xcconfig */;
			buildSettings = {
				BUNDLE_LOADER = "$(BUILT_PRODUCTS_DIR)/Longboxed-iOS.app/Longboxed-iOS";
				FRAMEWORK_SEARCH_PATHS = (
					"$(SDKROOT)/Developer/Library/Frameworks",
					"$(inherited)",
					"$(DEVELOPER_FRAMEWORKS_DIR)",
				);
				GCC_PRECOMPILE_PREFIX_HEADER = YES;
				GCC_PREFIX_HEADER = "Longboxed-iOS/Longboxed-iOS-Prefix.pch";
				GCC_PREPROCESSOR_DEFINITIONS = (
					"DEBUG=1",
					"$(inherited)",
				);
				INFOPLIST_FILE = "Longboxed-iOSTests/Longboxed-iOSTests-Info.plist";
				LIBRARY_SEARCH_PATHS = "$(inherited)";
				PRODUCT_NAME = "$(TARGET_NAME)";
				TEST_HOST = "$(BUNDLE_LOADER)";
				WRAPPER_EXTENSION = xctest;
			};
			name = Alpha;
		};
		E57D48F8196069800014A13F /* Beta */ = {
			isa = XCBuildConfiguration;
			buildSettings = {
				ALWAYS_SEARCH_USER_PATHS = NO;
				CLANG_CXX_LANGUAGE_STANDARD = "gnu++0x";
				CLANG_CXX_LIBRARY = "libc++";
				CLANG_ENABLE_MODULES = YES;
				CLANG_ENABLE_OBJC_ARC = YES;
				CLANG_WARN_BOOL_CONVERSION = YES;
				CLANG_WARN_CONSTANT_CONVERSION = YES;
				CLANG_WARN_DIRECT_OBJC_ISA_USAGE = YES_ERROR;
				CLANG_WARN_EMPTY_BODY = YES;
				CLANG_WARN_ENUM_CONVERSION = YES;
				CLANG_WARN_INT_CONVERSION = YES;
				CLANG_WARN_OBJC_ROOT_CLASS = YES_ERROR;
				CLANG_WARN__DUPLICATE_METHOD_MATCH = YES;
				"CODE_SIGN_IDENTITY[sdk=iphoneos*]" = "iPhone Developer";
				COPY_PHASE_STRIP = NO;
				GCC_C_LANGUAGE_STANDARD = gnu99;
				GCC_DYNAMIC_NO_PIC = NO;
				GCC_OPTIMIZATION_LEVEL = 0;
				GCC_PREPROCESSOR_DEFINITIONS = (
					"DEBUG=1",
					"$(inherited)",
				);
				GCC_SYMBOLS_PRIVATE_EXTERN = NO;
				GCC_WARN_64_TO_32_BIT_CONVERSION = YES;
				GCC_WARN_ABOUT_RETURN_TYPE = YES_ERROR;
				GCC_WARN_UNDECLARED_SELECTOR = YES;
				GCC_WARN_UNINITIALIZED_AUTOS = YES_AGGRESSIVE;
				GCC_WARN_UNUSED_FUNCTION = YES;
				GCC_WARN_UNUSED_VARIABLE = YES;
				IPHONEOS_DEPLOYMENT_TARGET = 7.1;
				ONLY_ACTIVE_ARCH = YES;
				SDKROOT = iphoneos;
			};
			name = Beta;
		};
		E57D48F9196069800014A13F /* Beta */ = {
			isa = XCBuildConfiguration;
			baseConfigurationReference = 7AD8046282F84878BFC9B82F /* Pods.xcconfig */;
			buildSettings = {
				ASSETCATALOG_COMPILER_APPICON_NAME = AppIcon;
				ASSETCATALOG_COMPILER_LAUNCHIMAGE_NAME = LaunchImage;
				GCC_PRECOMPILE_PREFIX_HEADER = YES;
				GCC_PREFIX_HEADER = "Longboxed-iOS/Longboxed-iOS-Prefix.pch";
				INFOPLIST_FILE = "Longboxed-iOS/Longboxed-iOS-Info.plist";
				IPHONEOS_DEPLOYMENT_TARGET = 7.0;
				PRODUCT_NAME = "$(TARGET_NAME)";
				WRAPPER_EXTENSION = app;
			};
			name = Beta;
		};
		E57D48FA196069800014A13F /* Beta */ = {
			isa = XCBuildConfiguration;
			baseConfigurationReference = 7AD8046282F84878BFC9B82F /* Pods.xcconfig */;
			buildSettings = {
				BUNDLE_LOADER = "$(BUILT_PRODUCTS_DIR)/Longboxed-iOS.app/Longboxed-iOS";
				FRAMEWORK_SEARCH_PATHS = (
					"$(SDKROOT)/Developer/Library/Frameworks",
					"$(inherited)",
					"$(DEVELOPER_FRAMEWORKS_DIR)",
				);
				GCC_PRECOMPILE_PREFIX_HEADER = YES;
				GCC_PREFIX_HEADER = "Longboxed-iOS/Longboxed-iOS-Prefix.pch";
				GCC_PREPROCESSOR_DEFINITIONS = (
					"DEBUG=1",
					"$(inherited)",
				);
				INFOPLIST_FILE = "Longboxed-iOSTests/Longboxed-iOSTests-Info.plist";
				LIBRARY_SEARCH_PATHS = "$(inherited)";
				PRODUCT_NAME = "$(TARGET_NAME)";
				TEST_HOST = "$(BUNDLE_LOADER)";
				WRAPPER_EXTENSION = xctest;
			};
			name = Beta;
		};
/* End XCBuildConfiguration section */

/* Begin XCConfigurationList section */
		E57D48BE196068E10014A13F /* Build configuration list for PBXProject "Longboxed-iOS" */ = {
			isa = XCConfigurationList;
			buildConfigurations = (
				E57D48ED196068E10014A13F /* Debug */,
				E57D48F8196069800014A13F /* Beta */,
				E57D48F5196069610014A13F /* Alpha */,
				E57D48EE196068E10014A13F /* AppStore */,
			);
			defaultConfigurationIsVisible = 0;
			defaultConfigurationName = AppStore;
		};
		E57D48EF196068E10014A13F /* Build configuration list for PBXNativeTarget "Longboxed-iOS" */ = {
			isa = XCConfigurationList;
			buildConfigurations = (
				E57D48F0196068E10014A13F /* Debug */,
				E57D48F9196069800014A13F /* Beta */,
				E57D48F6196069610014A13F /* Alpha */,
				E57D48F1196068E10014A13F /* AppStore */,
			);
			defaultConfigurationIsVisible = 0;
			defaultConfigurationName = AppStore;
		};
		E57D48F2196068E10014A13F /* Build configuration list for PBXNativeTarget "Longboxed-iOSTests" */ = {
			isa = XCConfigurationList;
			buildConfigurations = (
				E57D48F3196068E10014A13F /* Debug */,
				E57D48FA196069800014A13F /* Beta */,
				E57D48F7196069610014A13F /* Alpha */,
				E57D48F4196068E10014A13F /* AppStore */,
			);
			defaultConfigurationIsVisible = 0;
			defaultConfigurationName = AppStore;
		};
/* End XCConfigurationList section */
	};
	rootObject = E57D48BB196068E10014A13F /* Project object */;
}
